
Microsoft Visual Studio Solution File, Format Version 12.00
# Visual Studio Version 16
VisualStudioVersion = 16.0.31205.134
MinimumVisualStudioVersion = 15.0.26124.0
Project("{2150E333-8FDC-42A3-9474-1A3956D46DE8}") = "src", "src", "{F1F83FA6-AB20-4F78-8A2B-67C8C3F3C056}"
EndProject
Project("{9A19103F-16F7-4668-BE54-9A1E7A4F7556}") = "Ehr.Application", "src\Ehr.Application\Ehr.Application.csproj", "{C13161FE-DFE6-4929-B07C-057CF9EB25E3}"
EndProject
Project("{9A19103F-16F7-4668-BE54-9A1E7A4F7556}") = "Ehr.Contracts", "src\Ehr.Contracts\Ehr.Contracts.csproj", "{3F066879-BCC7-4B1B-8347-920AD71910E7}"
EndProject
Project("{9A19103F-16F7-4668-BE54-9A1E7A4F7556}") = "Ehr.Core", "src\Ehr.Core\Ehr.Core.csproj", "{D0808E13-6D0A-400E-927D-07551C871AD7}"
EndProject
Project("{9A19103F-16F7-4668-BE54-9A1E7A4F7556}") = "Ehr.Web", "src\Ehr.Web\Ehr.Web.csproj", "{9B5D59E9-48F7-46D6-95F7-AFEB057A3C29}"
EndProject
Project("{2150E333-8FDC-42A3-9474-1A3956D46DE8}") = "test", "test", "{F8729612-4F06-4C30-A7E4-F9344A68D885}"
EndProject
Project("{9A19103F-16F7-4668-BE54-9A1E7A4F7556}") = "Ehr.Test", "test\Ehr.Test\Ehr.Test.csproj", "{2FE6385D-FBA6-4D49-BD1A-31163F03B211}"
EndProject
Project("{9A19103F-16F7-4668-BE54-9A1E7A4F7556}") = "Ehr.Infrastructure", "src\Ehr.Infrastructure\Ehr.Infrastructure.csproj", "{1E79BC8D-D567-41DE-865D-79511A795982}"
EndProject
Global
	GlobalSection(SolutionConfigurationPlatforms) = preSolution
		Debug|Any CPU = Debug|Any CPU
		Debug|x64 = Debug|x64
		Debug|x86 = Debug|x86
		Release|Any CPU = Release|Any CPU
		Release|x64 = Release|x64
		Release|x86 = Release|x86
	EndGlobalSection
	GlobalSection(ProjectConfigurationPlatforms) = postSolution
		{C13161FE-DFE6-4929-B07C-057CF9EB25E3}.Debug|Any CPU.ActiveCfg = Debug|Any CPU
		{C13161FE-DFE6-4929-B07C-057CF9EB25E3}.Debug|Any CPU.Build.0 = Debug|Any CPU
		{C13161FE-DFE6-4929-B07C-057CF9EB25E3}.Debug|x64.ActiveCfg = Debug|Any CPU
		{C13161FE-DFE6-4929-B07C-057CF9EB25E3}.Debug|x64.Build.0 = Debug|Any CPU
		{C13161FE-DFE6-4929-B07C-057CF9EB25E3}.Debug|x86.ActiveCfg = Debug|Any CPU
		{C13161FE-DFE6-4929-B07C-057CF9EB25E3}.Debug|x86.Build.0 = Debug|Any CPU
		{C13161FE-DFE6-4929-B07C-057CF9EB25E3}.Release|Any CPU.ActiveCfg = Release|Any CPU
		{C13161FE-DFE6-4929-B07C-057CF9EB25E3}.Release|Any CPU.Build.0 = Release|Any CPU
		{C13161FE-DFE6-4929-B07C-057CF9EB25E3}.Release|x64.ActiveCfg = Release|Any CPU
		{C13161FE-DFE6-4929-B07C-057CF9EB25E3}.Release|x64.Build.0 = Release|Any CPU
		{C13161FE-DFE6-4929-B07C-057CF9EB25E3}.Release|x86.ActiveCfg = Release|Any CPU
		{C13161FE-DFE6-4929-B07C-057CF9EB25E3}.Release|x86.Build.0 = Release|Any CPU
		{3F066879-BCC7-4B1B-8347-920AD71910E7}.Debug|Any CPU.ActiveCfg = Debug|Any CPU
		{3F066879-BCC7-4B1B-8347-920AD71910E7}.Debug|Any CPU.Build.0 = Debug|Any CPU
		{3F066879-BCC7-4B1B-8347-920AD71910E7}.Debug|x64.ActiveCfg = Debug|Any CPU
		{3F066879-BCC7-4B1B-8347-920AD71910E7}.Debug|x64.Build.0 = Debug|Any CPU
		{3F066879-BCC7-4B1B-8347-920AD71910E7}.Debug|x86.ActiveCfg = Debug|Any CPU
		{3F066879-BCC7-4B1B-8347-920AD71910E7}.Debug|x86.Build.0 = Debug|Any CPU
		{3F066879-BCC7-4B1B-8347-920AD71910E7}.Release|Any CPU.ActiveCfg = Release|Any CPU
		{3F066879-BCC7-4B1B-8347-920AD71910E7}.Release|Any CPU.Build.0 = Release|Any CPU
		{3F066879-BCC7-4B1B-8347-920AD71910E7}.Release|x64.ActiveCfg = Release|Any CPU
		{3F066879-BCC7-4B1B-8347-920AD71910E7}.Release|x64.Build.0 = Release|Any CPU
		{3F066879-BCC7-4B1B-8347-920AD71910E7}.Release|x86.ActiveCfg = Release|Any CPU
		{3F066879-BCC7-4B1B-8347-920AD71910E7}.Release|x86.Build.0 = Release|Any CPU
		{D0808E13-6D0A-400E-927D-07551C871AD7}.Debug|Any CPU.ActiveCfg = Debug|Any CPU
		{D0808E13-6D0A-400E-927D-07551C871AD7}.Debug|Any CPU.Build.0 = Debug|Any CPU
		{D0808E13-6D0A-400E-927D-07551C871AD7}.Debug|x64.ActiveCfg = Debug|Any CPU
		{D0808E13-6D0A-400E-927D-07551C871AD7}.Debug|x64.Build.0 = Debug|Any CPU
		{D0808E13-6D0A-400E-927D-07551C871AD7}.Debug|x86.ActiveCfg = Debug|Any CPU
		{D0808E13-6D0A-400E-927D-07551C871AD7}.Debug|x86.Build.0 = Debug|Any CPU
		{D0808E13-6D0A-400E-927D-07551C871AD7}.Release|Any CPU.ActiveCfg = Release|Any CPU
		{D0808E13-6D0A-400E-927D-07551C871AD7}.Release|Any CPU.Build.0 = Release|Any CPU
		{D0808E13-6D0A-400E-927D-07551C871AD7}.Release|x64.ActiveCfg = Release|Any CPU
		{D0808E13-6D0A-400E-927D-07551C871AD7}.Release|x64.Build.0 = Release|Any CPU
		{D0808E13-6D0A-400E-927D-07551C871AD7}.Release|x86.ActiveCfg = Release|Any CPU
		{D0808E13-6D0A-400E-927D-07551C871AD7}.Release|x86.Build.0 = Release|Any CPU
		{9B5D59E9-48F7-46D6-95F7-AFEB057A3C29}.Debug|Any CPU.ActiveCfg = Debug|Any CPU
		{9B5D59E9-48F7-46D6-95F7-AFEB057A3C29}.Debug|Any CPU.Build.0 = Debug|Any CPU
		{9B5D59E9-48F7-46D6-95F7-AFEB057A3C29}.Debug|x64.ActiveCfg = Debug|Any CPU
		{9B5D59E9-48F7-46D6-95F7-AFEB057A3C29}.Debug|x64.Build.0 = Debug|Any CPU
		{9B5D59E9-48F7-46D6-95F7-AFEB057A3C29}.Debug|x86.ActiveCfg = Debug|Any CPU
		{9B5D59E9-48F7-46D6-95F7-AFEB057A3C29}.Debug|x86.Build.0 = Debug|Any CPU
		{9B5D59E9-48F7-46D6-95F7-AFEB057A3C29}.Release|Any CPU.ActiveCfg = Release|Any CPU
		{9B5D59E9-48F7-46D6-95F7-AFEB057A3C29}.Release|Any CPU.Build.0 = Release|Any CPU
		{9B5D59E9-48F7-46D6-95F7-AFEB057A3C29}.Release|x64.ActiveCfg = Release|Any CPU
		{9B5D59E9-48F7-46D6-95F7-AFEB057A3C29}.Release|x64.Build.0 = Release|Any CPU
		{9B5D59E9-48F7-46D6-95F7-AFEB057A3C29}.Release|x86.ActiveCfg = Release|Any CPU
		{9B5D59E9-48F7-46D6-95F7-AFEB057A3C29}.Release|x86.Build.0 = Release|Any CPU
		{2FE6385D-FBA6-4D49-BD1A-31163F03B211}.Debug|Any CPU.ActiveCfg = Debug|Any CPU
		{2FE6385D-FBA6-4D49-BD1A-31163F03B211}.Debug|Any CPU.Build.0 = Debug|Any CPU
		{2FE6385D-FBA6-4D49-BD1A-31163F03B211}.Debug|x64.ActiveCfg = Debug|Any CPU
		{2FE6385D-FBA6-4D49-BD1A-31163F03B211}.Debug|x64.Build.0 = Debug|Any CPU
		{2FE6385D-FBA6-4D49-BD1A-31163F03B211}.Debug|x86.ActiveCfg = Debug|Any CPU
		{2FE6385D-FBA6-4D49-BD1A-31163F03B211}.Debug|x86.Build.0 = Debug|Any CPU
		{2FE6385D-FBA6-4D49-BD1A-31163F03B211}.Release|Any CPU.ActiveCfg = Release|Any CPU
		{2FE6385D-FBA6-4D49-BD1A-31163F03B211}.Release|Any CPU.Build.0 = Release|Any CPU
		{2FE6385D-FBA6-4D49-BD1A-31163F03B211}.Release|x64.ActiveCfg = Release|Any CPU
		{2FE6385D-FBA6-4D49-BD1A-31163F03B211}.Release|x64.Build.0 = Release|Any CPU
		{2FE6385D-FBA6-4D49-BD1A-31163F03B211}.Release|x86.ActiveCfg = Release|Any CPU
		{2FE6385D-FBA6-4D49-BD1A-31163F03B211}.Release|x86.Build.0 = Release|Any CPU
		{1E79BC8D-D567-41DE-865D-79511A795982}.Debug|Any CPU.ActiveCfg = Debug|Any CPU
		{1E79BC8D-D567-41DE-865D-79511A795982}.Debug|Any CPU.Build.0 = Debug|Any CPU
		{1E79BC8D-D567-41DE-865D-79511A795982}.Debug|x64.ActiveCfg = Debug|Any CPU
		{1E79BC8D-D567-41DE-865D-79511A795982}.Debug|x64.Build.0 = Debug|Any CPU
		{1E79BC8D-D567-41DE-865D-79511A795982}.Debug|x86.ActiveCfg = Debug|Any CPU
		{1E79BC8D-D567-41DE-865D-79511A795982}.Debug|x86.Build.0 = Debug|Any CPU
		{1E79BC8D-D567-41DE-865D-79511A795982}.Release|Any CPU.ActiveCfg = Release|Any CPU
		{1E79BC8D-D567-41DE-865D-79511A795982}.Release|Any CPU.Build.0 = Release|Any CPU
		{1E79BC8D-D567-41DE-865D-79511A795982}.Release|x64.ActiveCfg = Release|Any CPU
		{1E79BC8D-D567-41DE-865D-79511A795982}.Release|x64.Build.0 = Release|Any CPU
		{1E79BC8D-D567-41DE-865D-79511A795982}.Release|x86.ActiveCfg = Release|Any CPU
		{1E79BC8D-D567-41DE-865D-79511A795982}.Release|x86.Build.0 = Release|Any CPU
	EndGlobalSection
	GlobalSection(SolutionProperties) = preSolution
		HideSolutionNode = FALSE
	EndGlobalSection
	GlobalSection(NestedProjects) = preSolution
		{C13161FE-DFE6-4929-B07C-057CF9EB25E3} = {F1F83FA6-AB20-4F78-8A2B-67C8C3F3C056}
		{3F066879-BCC7-4B1B-8347-920AD71910E7} = {F1F83FA6-AB20-4F78-8A2B-67C8C3F3C056}
		{D0808E13-6D0A-400E-927D-07551C871AD7} = {F1F83FA6-AB20-4F78-8A2B-67C8C3F3C056}
		{9B5D59E9-48F7-46D6-95F7-AFEB057A3C29} = {F1F83FA6-AB20-4F78-8A2B-67C8C3F3C056}
		{2FE6385D-FBA6-4D49-BD1A-31163F03B211} = {F8729612-4F06-4C30-A7E4-F9344A68D885}
		{1E79BC8D-D567-41DE-865D-79511A795982} = {F1F83FA6-AB20-4F78-8A2B-67C8C3F3C056}
	EndGlobalSection
	GlobalSection(ExtensibilityGlobals) = postSolution
		SolutionGuid = {D859CA88-2193-4DDA-8B8E-214FC18254C9}
	EndGlobalSection
EndGlobal
